
Microsoft Visual Studio Solution File, Format Version 12.00
# Visual Studio 15
VisualStudioVersion = 15.0.27428.2037
MinimumVisualStudioVersion = 10.0.40219.1
Project("{FAE04EC0-301F-11D3-BF4B-00C04F79EFBC}") = "Lab21-CoffeShop", "Lab21-CoffeShop\Lab21-CoffeShop.csproj", "{354B16CF-AC19-44BB-8835-5C3BC200F195}"
EndProject
Global
	GlobalSection(SolutionConfigurationPlatforms) = preSolution
		Debug|Any CPU = Debug|Any CPU
		Release|Any CPU = Release|Any CPU
	EndGlobalSection
	GlobalSection(ProjectConfigurationPlatforms) = postSolution
		{354B16CF-AC19-44BB-8835-5C3BC200F195}.Debug|Any CPU.ActiveCfg = Debug|Any CPU
		{354B16CF-AC19-44BB-8835-5C3BC200F195}.Debug|Any CPU.Build.0 = Debug|Any CPU
		{354B16CF-AC19-44BB-8835-5C3BC200F195}.Release|Any CPU.ActiveCfg = Release|Any CPU
		{354B16CF-AC19-44BB-8835-5C3BC200F195}.Release|Any CPU.Build.0 = Release|Any CPU
	EndGlobalSection
	GlobalSection(SolutionProperties) = preSolution
		HideSolutionNode = FALSE
	EndGlobalSection
	GlobalSection(ExtensibilityGlobals) = postSolution
		SolutionGuid = {2ABB37FF-5888-41D8-8121-540F4C96733F}
	EndGlobalSection
EndGlobal
